// !$*UTF8*$!
{
	archiveVersion = 1;
	classes = {
	};
	objectVersion = 46;
	objects = {

/* Begin PBXBuildFile section */
		9C13074B1E69C63800AFAE66 /* NAEntryTableViewController.m in Sources */ = {isa = PBXBuildFile; fileRef = 9C13074A1E69C63800AFAE66 /* NAEntryTableViewController.m */; };
		9C13075B1E6A374300AFAE66 /* NSObject+TTRouter.m in Sources */ = {isa = PBXBuildFile; fileRef = 9C13074E1E6A374300AFAE66 /* NSObject+TTRouter.m */; };
		9C13075C1E6A374400AFAE66 /* NADefaultRouterURLHandler.m in Sources */ = {isa = PBXBuildFile; fileRef = 9C1307501E6A374300AFAE66 /* NADefaultRouterURLHandler.m */; };
		9C13075D1E6A374400AFAE66 /* NARouter+Load.m in Sources */ = {isa = PBXBuildFile; fileRef = 9C1307521E6A374300AFAE66 /* NARouter+Load.m */; };
		9C13075E1E6A374400AFAE66 /* NARouter.m in Sources */ = {isa = PBXBuildFile; fileRef = 9C1307541E6A374300AFAE66 /* NARouter.m */; };
		9C13075F1E6A374400AFAE66 /* NARouterContext.m in Sources */ = {isa = PBXBuildFile; fileRef = 9C1307561E6A374300AFAE66 /* NARouterContext.m */; };
		9C1307601E6A374400AFAE66 /* NARouterImp.mm in Sources */ = {isa = PBXBuildFile; fileRef = 9C1307581E6A374300AFAE66 /* NARouterImp.mm */; };
		9C1307611E6A374400AFAE66 /* NARouterResult.m in Sources */ = {isa = PBXBuildFile; fileRef = 9C13075A1E6A374300AFAE66 /* NARouterResult.m */; };
		9C1307AE1E6A528700AFAE66 /* NAAnimationController.m in Sources */ = {isa = PBXBuildFile; fileRef = 9C13079D1E6A528700AFAE66 /* NAAnimationController.m */; };
		9C1307AF1E6A528700AFAE66 /* NAModalAnimationController.m in Sources */ = {isa = PBXBuildFile; fileRef = 9C13079F1E6A528700AFAE66 /* NAModalAnimationController.m */; };
		9C1307B01E6A528700AFAE66 /* NAModalCrossDissolveAnimationController.m in Sources */ = {isa = PBXBuildFile; fileRef = 9C1307A11E6A528700AFAE66 /* NAModalCrossDissolveAnimationController.m */; };
		9C1307B11E6A528700AFAE66 /* NAPushAnimationController.m in Sources */ = {isa = PBXBuildFile; fileRef = 9C1307A31E6A528700AFAE66 /* NAPushAnimationController.m */; };
		9C1307B21E6A528700AFAE66 /* NATransition.m in Sources */ = {isa = PBXBuildFile; fileRef = 9C1307A51E6A528700AFAE66 /* NATransition.m */; };
		9C1307B31E6A528700AFAE66 /* NAHorizonInteractionController.m in Sources */ = {isa = PBXBuildFile; fileRef = 9C1307A81E6A528700AFAE66 /* NAHorizonInteractionController.m */; };
		9C1307B41E6A528700AFAE66 /* NAInteractionController.m in Sources */ = {isa = PBXBuildFile; fileRef = 9C1307AA1E6A528700AFAE66 /* NAInteractionController.m */; };
		9C1307B51E6A528700AFAE66 /* NANavigator.m in Sources */ = {isa = PBXBuildFile; fileRef = 9C1307AD1E6A528700AFAE66 /* NANavigator.m */; };
		9C1307B91E6A52B200AFAE66 /* NSString+NAURLQuery.m in Sources */ = {isa = PBXBuildFile; fileRef = 9C1307B81E6A52B200AFAE66 /* NSString+NAURLQuery.m */; };
		9C1307BC1E6A534000AFAE66 /* NSString+UrlEncode.m in Sources */ = {isa = PBXBuildFile; fileRef = 9C1307BB1E6A534000AFAE66 /* NSString+UrlEncode.m */; };
		9C1307BF1E6A53A200AFAE66 /* NAUtility.m in Sources */ = {isa = PBXBuildFile; fileRef = 9C1307BE1E6A53A200AFAE66 /* NAUtility.m */; };
		9C1307C31E6A549500AFAE66 /* NAViewController.m in Sources */ = {isa = PBXBuildFile; fileRef = 9C1307C21E6A549500AFAE66 /* NAViewController.m */; };
		9C1307C51E6A5A0400AFAE66 /* NARouter_scheme_url.plist in Resources */ = {isa = PBXBuildFile; fileRef = 9C1307C41E6A5A0400AFAE66 /* NARouter_scheme_url.plist */; };
		9CAF52481E67B080003B08B5 /* main.m in Sources */ = {isa = PBXBuildFile; fileRef = 9CAF52471E67B080003B08B5 /* main.m */; };
		9CAF524B1E67B080003B08B5 /* AppDelegate.m in Sources */ = {isa = PBXBuildFile; fileRef = 9CAF524A1E67B080003B08B5 /* AppDelegate.m */; };
		9CAF52561E67B080003B08B5 /* Assets.xcassets in Resources */ = {isa = PBXBuildFile; fileRef = 9CAF52551E67B080003B08B5 /* Assets.xcassets */; };
		9CAF52591E67B080003B08B5 /* LaunchScreen.storyboard in Resources */ = {isa = PBXBuildFile; fileRef = 9CAF52571E67B080003B08B5 /* LaunchScreen.storyboard */; };
		9CAF52641E67B080003B08B5 /* NextAppTests.m in Sources */ = {isa = PBXBuildFile; fileRef = 9CAF52631E67B080003B08B5 /* NextAppTests.m */; };
		B5DD78500663A655A3C894E6 /* libPods-NextApp.a in Frameworks */ = {isa = PBXBuildFile; fileRef = C555AF40F13B2662C1210A9A /* libPods-NextApp.a */; };
/* End PBXBuildFile section */

/* Begin PBXContainerItemProxy section */
		9CAF52601E67B080003B08B5 /* PBXContainerItemProxy */ = {
			isa = PBXContainerItemProxy;
			containerPortal = 9CAF523B1E67B080003B08B5 /* Project object */;
			proxyType = 1;
			remoteGlobalIDString = 9CAF52421E67B080003B08B5;
			remoteInfo = NextApp;
		};
/* End PBXContainerItemProxy section */

/* Begin PBXFileReference section */
		9C1307491E69C63800AFAE66 /* NAEntryTableViewController.h */ = {isa = PBXFileReference; fileEncoding = 4; lastKnownFileType = sourcecode.c.h; path = NAEntryTableViewController.h; sourceTree = "<group>"; };
		9C13074A1E69C63800AFAE66 /* NAEntryTableViewController.m */ = {isa = PBXFileReference; fileEncoding = 4; lastKnownFileType = sourcecode.c.objc; path = NAEntryTableViewController.m; sourceTree = "<group>"; };
		9C13074D1E6A374300AFAE66 /* NSObject+TTRouter.h */ = {isa = PBXFileReference; fileEncoding = 4; lastKnownFileType = sourcecode.c.h; path = "NSObject+TTRouter.h"; sourceTree = "<group>"; };
		9C13074E1E6A374300AFAE66 /* NSObject+TTRouter.m */ = {isa = PBXFileReference; fileEncoding = 4; lastKnownFileType = sourcecode.c.objc; path = "NSObject+TTRouter.m"; sourceTree = "<group>"; };
		9C13074F1E6A374300AFAE66 /* NADefaultRouterURLHandler.h */ = {isa = PBXFileReference; fileEncoding = 4; lastKnownFileType = sourcecode.c.h; path = NADefaultRouterURLHandler.h; sourceTree = "<group>"; };
		9C1307501E6A374300AFAE66 /* NADefaultRouterURLHandler.m */ = {isa = PBXFileReference; fileEncoding = 4; lastKnownFileType = sourcecode.c.objc; path = NADefaultRouterURLHandler.m; sourceTree = "<group>"; };
		9C1307511E6A374300AFAE66 /* NARouter+Load.h */ = {isa = PBXFileReference; fileEncoding = 4; lastKnownFileType = sourcecode.c.h; path = "NARouter+Load.h"; sourceTree = "<group>"; };
		9C1307521E6A374300AFAE66 /* NARouter+Load.m */ = {isa = PBXFileReference; fileEncoding = 4; lastKnownFileType = sourcecode.c.objc; path = "NARouter+Load.m"; sourceTree = "<group>"; };
		9C1307531E6A374300AFAE66 /* NARouter.h */ = {isa = PBXFileReference; fileEncoding = 4; lastKnownFileType = sourcecode.c.h; path = NARouter.h; sourceTree = "<group>"; };
		9C1307541E6A374300AFAE66 /* NARouter.m */ = {isa = PBXFileReference; fileEncoding = 4; lastKnownFileType = sourcecode.c.objc; path = NARouter.m; sourceTree = "<group>"; };
		9C1307551E6A374300AFAE66 /* NARouterContext.h */ = {isa = PBXFileReference; fileEncoding = 4; lastKnownFileType = sourcecode.c.h; path = NARouterContext.h; sourceTree = "<group>"; };
		9C1307561E6A374300AFAE66 /* NARouterContext.m */ = {isa = PBXFileReference; fileEncoding = 4; lastKnownFileType = sourcecode.c.objc; path = NARouterContext.m; sourceTree = "<group>"; };
		9C1307571E6A374300AFAE66 /* NARouterImp.h */ = {isa = PBXFileReference; fileEncoding = 4; lastKnownFileType = sourcecode.c.h; path = NARouterImp.h; sourceTree = "<group>"; };
		9C1307581E6A374300AFAE66 /* NARouterImp.mm */ = {isa = PBXFileReference; fileEncoding = 4; lastKnownFileType = sourcecode.cpp.objcpp; path = NARouterImp.mm; sourceTree = "<group>"; };
		9C1307591E6A374300AFAE66 /* NARouterResult.h */ = {isa = PBXFileReference; fileEncoding = 4; lastKnownFileType = sourcecode.c.h; path = NARouterResult.h; sourceTree = "<group>"; };
		9C13075A1E6A374300AFAE66 /* NARouterResult.m */ = {isa = PBXFileReference; fileEncoding = 4; lastKnownFileType = sourcecode.c.objc; path = NARouterResult.m; sourceTree = "<group>"; };
		9C13079C1E6A528700AFAE66 /* NAAnimationController.h */ = {isa = PBXFileReference; fileEncoding = 4; lastKnownFileType = sourcecode.c.h; path = NAAnimationController.h; sourceTree = "<group>"; };
		9C13079D1E6A528700AFAE66 /* NAAnimationController.m */ = {isa = PBXFileReference; fileEncoding = 4; lastKnownFileType = sourcecode.c.objc; path = NAAnimationController.m; sourceTree = "<group>"; };
		9C13079E1E6A528700AFAE66 /* NAModalAnimationController.h */ = {isa = PBXFileReference; fileEncoding = 4; lastKnownFileType = sourcecode.c.h; path = NAModalAnimationController.h; sourceTree = "<group>"; };
		9C13079F1E6A528700AFAE66 /* NAModalAnimationController.m */ = {isa = PBXFileReference; fileEncoding = 4; lastKnownFileType = sourcecode.c.objc; path = NAModalAnimationController.m; sourceTree = "<group>"; };
		9C1307A01E6A528700AFAE66 /* NAModalCrossDissolveAnimationController.h */ = {isa = PBXFileReference; fileEncoding = 4; lastKnownFileType = sourcecode.c.h; path = NAModalCrossDissolveAnimationController.h; sourceTree = "<group>"; };
		9C1307A11E6A528700AFAE66 /* NAModalCrossDissolveAnimationController.m */ = {isa = PBXFileReference; fileEncoding = 4; lastKnownFileType = sourcecode.c.objc; path = NAModalCrossDissolveAnimationController.m; sourceTree = "<group>"; };
		9C1307A21E6A528700AFAE66 /* NAPushAnimationController.h */ = {isa = PBXFileReference; fileEncoding = 4; lastKnownFileType = sourcecode.c.h; path = NAPushAnimationController.h; sourceTree = "<group>"; };
		9C1307A31E6A528700AFAE66 /* NAPushAnimationController.m */ = {isa = PBXFileReference; fileEncoding = 4; lastKnownFileType = sourcecode.c.objc; path = NAPushAnimationController.m; sourceTree = "<group>"; };
		9C1307A41E6A528700AFAE66 /* NATransition.h */ = {isa = PBXFileReference; fileEncoding = 4; lastKnownFileType = sourcecode.c.h; path = NATransition.h; sourceTree = "<group>"; };
		9C1307A51E6A528700AFAE66 /* NATransition.m */ = {isa = PBXFileReference; fileEncoding = 4; lastKnownFileType = sourcecode.c.objc; path = NATransition.m; sourceTree = "<group>"; };
		9C1307A71E6A528700AFAE66 /* NAHorizonInteractionController.h */ = {isa = PBXFileReference; fileEncoding = 4; lastKnownFileType = sourcecode.c.h; path = NAHorizonInteractionController.h; sourceTree = "<group>"; };
		9C1307A81E6A528700AFAE66 /* NAHorizonInteractionController.m */ = {isa = PBXFileReference; fileEncoding = 4; lastKnownFileType = sourcecode.c.objc; path = NAHorizonInteractionController.m; sourceTree = "<group>"; };
		9C1307A91E6A528700AFAE66 /* NAInteractionController.h */ = {isa = PBXFileReference; fileEncoding = 4; lastKnownFileType = sourcecode.c.h; path = NAInteractionController.h; sourceTree = "<group>"; };
		9C1307AA1E6A528700AFAE66 /* NAInteractionController.m */ = {isa = PBXFileReference; fileEncoding = 4; lastKnownFileType = sourcecode.c.objc; path = NAInteractionController.m; sourceTree = "<group>"; };
		9C1307AB1E6A528700AFAE66 /* NAInteractionProtocol.h */ = {isa = PBXFileReference; fileEncoding = 4; lastKnownFileType = sourcecode.c.h; path = NAInteractionProtocol.h; sourceTree = "<group>"; };
		9C1307AC1E6A528700AFAE66 /* NANavigator.h */ = {isa = PBXFileReference; fileEncoding = 4; lastKnownFileType = sourcecode.c.h; path = NANavigator.h; sourceTree = "<group>"; };
		9C1307AD1E6A528700AFAE66 /* NANavigator.m */ = {isa = PBXFileReference; fileEncoding = 4; lastKnownFileType = sourcecode.c.objc; path = NANavigator.m; sourceTree = "<group>"; };
		9C1307B71E6A52B200AFAE66 /* NSString+NAURLQuery.h */ = {isa = PBXFileReference; fileEncoding = 4; lastKnownFileType = sourcecode.c.h; path = "NSString+NAURLQuery.h"; sourceTree = "<group>"; };
		9C1307B81E6A52B200AFAE66 /* NSString+NAURLQuery.m */ = {isa = PBXFileReference; fileEncoding = 4; lastKnownFileType = sourcecode.c.objc; path = "NSString+NAURLQuery.m"; sourceTree = "<group>"; };
		9C1307BA1E6A534000AFAE66 /* NSString+UrlEncode.h */ = {isa = PBXFileReference; fileEncoding = 4; lastKnownFileType = sourcecode.c.h; path = "NSString+UrlEncode.h"; sourceTree = "<group>"; };
		9C1307BB1E6A534000AFAE66 /* NSString+UrlEncode.m */ = {isa = PBXFileReference; fileEncoding = 4; lastKnownFileType = sourcecode.c.objc; path = "NSString+UrlEncode.m"; sourceTree = "<group>"; };
		9C1307BD1E6A53A200AFAE66 /* NAUtility.h */ = {isa = PBXFileReference; fileEncoding = 4; lastKnownFileType = sourcecode.c.h; path = NAUtility.h; sourceTree = "<group>"; };
		9C1307BE1E6A53A200AFAE66 /* NAUtility.m */ = {isa = PBXFileReference; fileEncoding = 4; lastKnownFileType = sourcecode.c.objc; path = NAUtility.m; sourceTree = "<group>"; };
		9C1307C01E6A53FA00AFAE66 /* NARouting.h */ = {isa = PBXFileReference; lastKnownFileType = sourcecode.c.h; path = NARouting.h; sourceTree = "<group>"; };
		9C1307C11E6A549500AFAE66 /* NAViewController.h */ = {isa = PBXFileReference; fileEncoding = 4; lastKnownFileType = sourcecode.c.h; path = NAViewController.h; sourceTree = "<group>"; };
		9C1307C21E6A549500AFAE66 /* NAViewController.m */ = {isa = PBXFileReference; fileEncoding = 4; lastKnownFileType = sourcecode.c.objc; path = NAViewController.m; sourceTree = "<group>"; };
		9C1307C41E6A5A0400AFAE66 /* NARouter_scheme_url.plist */ = {isa = PBXFileReference; fileEncoding = 4; lastKnownFileType = text.plist.xml; path = NARouter_scheme_url.plist; sourceTree = "<group>"; };
		9CAF52431E67B080003B08B5 /* NextApp.app */ = {isa = PBXFileReference; explicitFileType = wrapper.application; includeInIndex = 0; path = NextApp.app; sourceTree = BUILT_PRODUCTS_DIR; };
		9CAF52471E67B080003B08B5 /* main.m */ = {isa = PBXFileReference; lastKnownFileType = sourcecode.c.objc; path = main.m; sourceTree = "<group>"; };
		9CAF52491E67B080003B08B5 /* AppDelegate.h */ = {isa = PBXFileReference; lastKnownFileType = sourcecode.c.h; path = AppDelegate.h; sourceTree = "<group>"; };
		9CAF524A1E67B080003B08B5 /* AppDelegate.m */ = {isa = PBXFileReference; lastKnownFileType = sourcecode.c.objc; path = AppDelegate.m; sourceTree = "<group>"; };
		9CAF52551E67B080003B08B5 /* Assets.xcassets */ = {isa = PBXFileReference; lastKnownFileType = folder.assetcatalog; path = Assets.xcassets; sourceTree = "<group>"; };
		9CAF52581E67B080003B08B5 /* Base */ = {isa = PBXFileReference; lastKnownFileType = file.storyboard; name = Base; path = Base.lproj/LaunchScreen.storyboard; sourceTree = "<group>"; };
		9CAF525A1E67B080003B08B5 /* Info.plist */ = {isa = PBXFileReference; lastKnownFileType = text.plist.xml; path = Info.plist; sourceTree = "<group>"; };
		9CAF525F1E67B080003B08B5 /* NextAppTests.xctest */ = {isa = PBXFileReference; explicitFileType = wrapper.cfbundle; includeInIndex = 0; path = NextAppTests.xctest; sourceTree = BUILT_PRODUCTS_DIR; };
		9CAF52631E67B080003B08B5 /* NextAppTests.m */ = {isa = PBXFileReference; lastKnownFileType = sourcecode.c.objc; path = NextAppTests.m; sourceTree = "<group>"; };
		9CAF52651E67B080003B08B5 /* Info.plist */ = {isa = PBXFileReference; lastKnownFileType = text.plist.xml; path = Info.plist; sourceTree = "<group>"; };
		C555AF40F13B2662C1210A9A /* libPods-NextApp.a */ = {isa = PBXFileReference; explicitFileType = archive.ar; includeInIndex = 0; path = "libPods-NextApp.a"; sourceTree = BUILT_PRODUCTS_DIR; };
		C91731B81F9AB278674761F1 /* Pods-NextApp.debug.xcconfig */ = {isa = PBXFileReference; includeInIndex = 1; lastKnownFileType = text.xcconfig; name = "Pods-NextApp.debug.xcconfig"; path = "Pods/Target Support Files/Pods-NextApp/Pods-NextApp.debug.xcconfig"; sourceTree = "<group>"; };
		D3FD48FEF41D2455592EA7B5 /* Pods-NextApp.release.xcconfig */ = {isa = PBXFileReference; includeInIndex = 1; lastKnownFileType = text.xcconfig; name = "Pods-NextApp.release.xcconfig"; path = "Pods/Target Support Files/Pods-NextApp/Pods-NextApp.release.xcconfig"; sourceTree = "<group>"; };
/* End PBXFileReference section */

/* Begin PBXFrameworksBuildPhase section */
		9CAF52401E67B080003B08B5 /* Frameworks */ = {
			isa = PBXFrameworksBuildPhase;
			buildActionMask = 2147483647;
			files = (
				B5DD78500663A655A3C894E6 /* libPods-NextApp.a in Frameworks */,
			);
			runOnlyForDeploymentPostprocessing = 0;
		};
		9CAF525C1E67B080003B08B5 /* Frameworks */ = {
			isa = PBXFrameworksBuildPhase;
			buildActionMask = 2147483647;
			files = (
			);
			runOnlyForDeploymentPostprocessing = 0;
		};
/* End PBXFrameworksBuildPhase section */

/* Begin PBXGroup section */
		52AD1056C8447A8144AA8697 /* Pods */ = {
			isa = PBXGroup;
			children = (
				C91731B81F9AB278674761F1 /* Pods-NextApp.debug.xcconfig */,
				D3FD48FEF41D2455592EA7B5 /* Pods-NextApp.release.xcconfig */,
			);
			name = Pods;
			sourceTree = "<group>";
		};
		9C13074C1E6A374300AFAE66 /* Router */ = {
			isa = PBXGroup;
			children = (
				9C1307C41E6A5A0400AFAE66 /* NARouter_scheme_url.plist */,
				9C1307C01E6A53FA00AFAE66 /* NARouting.h */,
				9C13074D1E6A374300AFAE66 /* NSObject+TTRouter.h */,
				9C13074E1E6A374300AFAE66 /* NSObject+TTRouter.m */,
				9C13074F1E6A374300AFAE66 /* NADefaultRouterURLHandler.h */,
				9C1307501E6A374300AFAE66 /* NADefaultRouterURLHandler.m */,
				9C1307511E6A374300AFAE66 /* NARouter+Load.h */,
				9C1307521E6A374300AFAE66 /* NARouter+Load.m */,
				9C1307531E6A374300AFAE66 /* NARouter.h */,
				9C1307541E6A374300AFAE66 /* NARouter.m */,
				9C1307551E6A374300AFAE66 /* NARouterContext.h */,
				9C1307561E6A374300AFAE66 /* NARouterContext.m */,
				9C1307571E6A374300AFAE66 /* NARouterImp.h */,
				9C1307581E6A374300AFAE66 /* NARouterImp.mm */,
				9C1307591E6A374300AFAE66 /* NARouterResult.h */,
				9C13075A1E6A374300AFAE66 /* NARouterResult.m */,
			);
			path = Router;
			sourceTree = "<group>";
		};
		9C13079A1E6A528700AFAE66 /* Navigator */ = {
			isa = PBXGroup;
			children = (
				9C13079B1E6A528700AFAE66 /* Animation */,
				9C1307A61E6A528700AFAE66 /* Interactors */,
				9C1307AC1E6A528700AFAE66 /* NANavigator.h */,
				9C1307AD1E6A528700AFAE66 /* NANavigator.m */,
				9C1307C11E6A549500AFAE66 /* NAViewController.h */,
				9C1307C21E6A549500AFAE66 /* NAViewController.m */,
			);
			path = Navigator;
			sourceTree = "<group>";
		};
		9C13079B1E6A528700AFAE66 /* Animation */ = {
			isa = PBXGroup;
			children = (
				9C13079C1E6A528700AFAE66 /* NAAnimationController.h */,
				9C13079D1E6A528700AFAE66 /* NAAnimationController.m */,
				9C13079E1E6A528700AFAE66 /* NAModalAnimationController.h */,
				9C13079F1E6A528700AFAE66 /* NAModalAnimationController.m */,
				9C1307A01E6A528700AFAE66 /* NAModalCrossDissolveAnimationController.h */,
				9C1307A11E6A528700AFAE66 /* NAModalCrossDissolveAnimationController.m */,
				9C1307A21E6A528700AFAE66 /* NAPushAnimationController.h */,
				9C1307A31E6A528700AFAE66 /* NAPushAnimationController.m */,
				9C1307A41E6A528700AFAE66 /* NATransition.h */,
				9C1307A51E6A528700AFAE66 /* NATransition.m */,
			);
			path = Animation;
			sourceTree = "<group>";
		};
		9C1307A61E6A528700AFAE66 /* Interactors */ = {
			isa = PBXGroup;
			children = (
				9C1307A71E6A528700AFAE66 /* NAHorizonInteractionController.h */,
				9C1307A81E6A528700AFAE66 /* NAHorizonInteractionController.m */,
				9C1307A91E6A528700AFAE66 /* NAInteractionController.h */,
				9C1307AA1E6A528700AFAE66 /* NAInteractionController.m */,
				9C1307AB1E6A528700AFAE66 /* NAInteractionProtocol.h */,
			);
			path = Interactors;
			sourceTree = "<group>";
		};
		9C1307B61E6A52B200AFAE66 /* Utils */ = {
			isa = PBXGroup;
			children = (
				9C1307BD1E6A53A200AFAE66 /* NAUtility.h */,
				9C1307BE1E6A53A200AFAE66 /* NAUtility.m */,
				9C1307BA1E6A534000AFAE66 /* NSString+UrlEncode.h */,
				9C1307BB1E6A534000AFAE66 /* NSString+UrlEncode.m */,
				9C1307B71E6A52B200AFAE66 /* NSString+NAURLQuery.h */,
				9C1307B81E6A52B200AFAE66 /* NSString+NAURLQuery.m */,
			);
			path = Utils;
			sourceTree = "<group>";
		};
		9CAF523A1E67B080003B08B5 = {
			isa = PBXGroup;
			children = (
				9CAF52451E67B080003B08B5 /* NextApp */,
				9CAF52621E67B080003B08B5 /* NextAppTests */,
				9CAF52441E67B080003B08B5 /* Products */,
				52AD1056C8447A8144AA8697 /* Pods */,
				DFE5B189307E70E863CD89F1 /* Frameworks */,
			);
			sourceTree = "<group>";
		};
		9CAF52441E67B080003B08B5 /* Products */ = {
			isa = PBXGroup;
			children = (
				9CAF52431E67B080003B08B5 /* NextApp.app */,
				9CAF525F1E67B080003B08B5 /* NextAppTests.xctest */,
			);
			name = Products;
			sourceTree = "<group>";
		};
		9CAF52451E67B080003B08B5 /* NextApp */ = {
			isa = PBXGroup;
			children = (
				9C1307B61E6A52B200AFAE66 /* Utils */,
				9C13079A1E6A528700AFAE66 /* Navigator */,
				9C13074C1E6A374300AFAE66 /* Router */,
				9CAF52491E67B080003B08B5 /* AppDelegate.h */,
				9CAF524A1E67B080003B08B5 /* AppDelegate.m */,
				9C1307491E69C63800AFAE66 /* NAEntryTableViewController.h */,
				9C13074A1E69C63800AFAE66 /* NAEntryTableViewController.m */,
				9CAF52551E67B080003B08B5 /* Assets.xcassets */,
				9CAF52571E67B080003B08B5 /* LaunchScreen.storyboard */,
				9CAF525A1E67B080003B08B5 /* Info.plist */,
				9CAF52461E67B080003B08B5 /* Supporting Files */,
			);
			path = NextApp;
			sourceTree = "<group>";
		};
		9CAF52461E67B080003B08B5 /* Supporting Files */ = {
			isa = PBXGroup;
			children = (
				9CAF52471E67B080003B08B5 /* main.m */,
			);
			name = "Supporting Files";
			sourceTree = "<group>";
		};
		9CAF52621E67B080003B08B5 /* NextAppTests */ = {
			isa = PBXGroup;
			children = (
				9CAF52631E67B080003B08B5 /* NextAppTests.m */,
				9CAF52651E67B080003B08B5 /* Info.plist */,
			);
			path = NextAppTests;
			sourceTree = "<group>";
		};
		DFE5B189307E70E863CD89F1 /* Frameworks */ = {
			isa = PBXGroup;
			children = (
				C555AF40F13B2662C1210A9A /* libPods-NextApp.a */,
			);
			name = Frameworks;
			sourceTree = "<group>";
		};
/* End PBXGroup section */

/* Begin PBXNativeTarget section */
		9CAF52421E67B080003B08B5 /* NextApp */ = {
			isa = PBXNativeTarget;
			buildConfigurationList = 9CAF52681E67B080003B08B5 /* Build configuration list for PBXNativeTarget "NextApp" */;
			buildPhases = (
				CF2D9D7EED5A776C67719B44 /* Check Pods Manifest.lock */,
				9CAF523F1E67B080003B08B5 /* Sources */,
				9CAF52401E67B080003B08B5 /* Frameworks */,
				9CAF52411E67B080003B08B5 /* Resources */,
				CDF9318CBEE6ECE688588A49 /* Embed Pods Frameworks */,
				7A2C3960FFB559FCEEBB6224 /* Copy Pods Resources */,
			);
			buildRules = (
			);
			dependencies = (
			);
			name = NextApp;
			productName = NextApp;
			productReference = 9CAF52431E67B080003B08B5 /* NextApp.app */;
			productType = "com.apple.product-type.application";
		};
		9CAF525E1E67B080003B08B5 /* NextAppTests */ = {
			isa = PBXNativeTarget;
			buildConfigurationList = 9CAF526B1E67B080003B08B5 /* Build configuration list for PBXNativeTarget "NextAppTests" */;
			buildPhases = (
				9CAF525B1E67B080003B08B5 /* Sources */,
				9CAF525C1E67B080003B08B5 /* Frameworks */,
				9CAF525D1E67B080003B08B5 /* Resources */,
			);
			buildRules = (
			);
			dependencies = (
				9CAF52611E67B080003B08B5 /* PBXTargetDependency */,
			);
			name = NextAppTests;
			productName = NextAppTests;
			productReference = 9CAF525F1E67B080003B08B5 /* NextAppTests.xctest */;
			productType = "com.apple.product-type.bundle.unit-test";
		};
/* End PBXNativeTarget section */

/* Begin PBXProject section */
		9CAF523B1E67B080003B08B5 /* Project object */ = {
			isa = PBXProject;
			attributes = {
				LastUpgradeCheck = 0820;
				ORGANIZATIONNAME = appgo;
				TargetAttributes = {
					9CAF52421E67B080003B08B5 = {
						CreatedOnToolsVersion = 8.2.1;
						ProvisioningStyle = Automatic;
					};
					9CAF525E1E67B080003B08B5 = {
						CreatedOnToolsVersion = 8.2.1;
						ProvisioningStyle = Automatic;
						TestTargetID = 9CAF52421E67B080003B08B5;
					};
				};
			};
			buildConfigurationList = 9CAF523E1E67B080003B08B5 /* Build configuration list for PBXProject "NextApp" */;
			compatibilityVersion = "Xcode 3.2";
			developmentRegion = English;
			hasScannedForEncodings = 0;
			knownRegions = (
				en,
				Base,
			);
			mainGroup = 9CAF523A1E67B080003B08B5;
			productRefGroup = 9CAF52441E67B080003B08B5 /* Products */;
			projectDirPath = "";
			projectRoot = "";
			targets = (
				9CAF52421E67B080003B08B5 /* NextApp */,
				9CAF525E1E67B080003B08B5 /* NextAppTests */,
			);
		};
/* End PBXProject section */

/* Begin PBXResourcesBuildPhase section */
		9CAF52411E67B080003B08B5 /* Resources */ = {
			isa = PBXResourcesBuildPhase;
			buildActionMask = 2147483647;
			files = (
				9CAF52591E67B080003B08B5 /* LaunchScreen.storyboard in Resources */,
				9C1307C51E6A5A0400AFAE66 /* NARouter_scheme_url.plist in Resources */,
				9CAF52561E67B080003B08B5 /* Assets.xcassets in Resources */,
			);
			runOnlyForDeploymentPostprocessing = 0;
		};
		9CAF525D1E67B080003B08B5 /* Resources */ = {
			isa = PBXResourcesBuildPhase;
			buildActionMask = 2147483647;
			files = (
			);
			runOnlyForDeploymentPostprocessing = 0;
		};
/* End PBXResourcesBuildPhase section */

/* Begin PBXShellScriptBuildPhase section */
		7A2C3960FFB559FCEEBB6224 /* Copy Pods Resources */ = {
			isa = PBXShellScriptBuildPhase;
			buildActionMask = 2147483647;
			files = (
			);
			inputPaths = (
			);
			name = "Copy Pods Resources";
			outputPaths = (
			);
			runOnlyForDeploymentPostprocessing = 0;
			shellPath = /bin/sh;
			shellScript = "\"${SRCROOT}/Pods/Target Support Files/Pods-NextApp/Pods-NextApp-resources.sh\"\n";
			showEnvVarsInLog = 0;
		};
		CDF9318CBEE6ECE688588A49 /* Embed Pods Frameworks */ = {
			isa = PBXShellScriptBuildPhase;
			buildActionMask = 2147483647;
			files = (
			);
			inputPaths = (
			);
			name = "Embed Pods Frameworks";
			outputPaths = (
			);
			runOnlyForDeploymentPostprocessing = 0;
			shellPath = /bin/sh;
			shellScript = "\"${SRCROOT}/Pods/Target Support Files/Pods-NextApp/Pods-NextApp-frameworks.sh\"\n";
			showEnvVarsInLog = 0;
		};
		CF2D9D7EED5A776C67719B44 /* Check Pods Manifest.lock */ = {
			isa = PBXShellScriptBuildPhase;
			buildActionMask = 2147483647;
			files = (
			);
			inputPaths = (
			);
			name = "Check Pods Manifest.lock";
			outputPaths = (
			);
			runOnlyForDeploymentPostprocessing = 0;
			shellPath = /bin/sh;
			shellScript = "diff \"${PODS_ROOT}/../Podfile.lock\" \"${PODS_ROOT}/Manifest.lock\" > /dev/null\nif [[ $? != 0 ]] ; then\n    cat << EOM\nerror: The sandbox is not in sync with the Podfile.lock. Run 'pod install' or update your CocoaPods installation.\nEOM\n    exit 1\nfi\n";
			showEnvVarsInLog = 0;
		};
/* End PBXShellScriptBuildPhase section */

/* Begin PBXSourcesBuildPhase section */
		9CAF523F1E67B080003B08B5 /* Sources */ = {
			isa = PBXSourcesBuildPhase;
			buildActionMask = 2147483647;
			files = (
				9C1307BF1E6A53A200AFAE66 /* NAUtility.m in Sources */,
				9C13075D1E6A374400AFAE66 /* NARouter+Load.m in Sources */,
				9C1307B41E6A528700AFAE66 /* NAInteractionController.m in Sources */,
				9CAF524B1E67B080003B08B5 /* AppDelegate.m in Sources */,
				9C1307601E6A374400AFAE66 /* NARouterImp.mm in Sources */,
				9C13075F1E6A374400AFAE66 /* NARouterContext.m in Sources */,
				9C1307BC1E6A534000AFAE66 /* NSString+UrlEncode.m in Sources */,
				9C1307B91E6A52B200AFAE66 /* NSString+NAURLQuery.m in Sources */,
				9C1307B51E6A528700AFAE66 /* NANavigator.m in Sources */,
				9C1307B31E6A528700AFAE66 /* NAHorizonInteractionController.m in Sources */,
				9C1307B11E6A528700AFAE66 /* NAPushAnimationController.m in Sources */,
				9C1307C31E6A549500AFAE66 /* NAViewController.m in Sources */,
				9C1307B01E6A528700AFAE66 /* NAModalCrossDissolveAnimationController.m in Sources */,
				9C1307AE1E6A528700AFAE66 /* NAAnimationController.m in Sources */,
				9CAF52481E67B080003B08B5 /* main.m in Sources */,
				9C13075B1E6A374300AFAE66 /* NSObject+TTRouter.m in Sources */,
				9C13074B1E69C63800AFAE66 /* NAEntryTableViewController.m in Sources */,
				9C1307B21E6A528700AFAE66 /* NATransition.m in Sources */,
				9C13075E1E6A374400AFAE66 /* NARouter.m in Sources */,
				9C1307AF1E6A528700AFAE66 /* NAModalAnimationController.m in Sources */,
				9C13075C1E6A374400AFAE66 /* NADefaultRouterURLHandler.m in Sources */,
				9C1307611E6A374400AFAE66 /* NARouterResult.m in Sources */,
			);
			runOnlyForDeploymentPostprocessing = 0;
		};
		9CAF525B1E67B080003B08B5 /* Sources */ = {
			isa = PBXSourcesBuildPhase;
			buildActionMask = 2147483647;
			files = (
				9CAF52641E67B080003B08B5 /* NextAppTests.m in Sources */,
			);
			runOnlyForDeploymentPostprocessing = 0;
		};
/* End PBXSourcesBuildPhase section */

/* Begin PBXTargetDependency section */
		9CAF52611E67B080003B08B5 /* PBXTargetDependency */ = {
			isa = PBXTargetDependency;
			target = 9CAF52421E67B080003B08B5 /* NextApp */;
			targetProxy = 9CAF52601E67B080003B08B5 /* PBXContainerItemProxy */;
		};
/* End PBXTargetDependency section */

/* Begin PBXVariantGroup section */
		9CAF52571E67B080003B08B5 /* LaunchScreen.storyboard */ = {
			isa = PBXVariantGroup;
			children = (
				9CAF52581E67B080003B08B5 /* Base */,
			);
			name = LaunchScreen.storyboard;
			sourceTree = "<group>";
		};
/* End PBXVariantGroup section */

/* Begin XCBuildConfiguration section */
		9CAF52661E67B080003B08B5 /* Debug */ = {
			isa = XCBuildConfiguration;
			buildSettings = {
				ALWAYS_SEARCH_USER_PATHS = NO;
				CLANG_ANALYZER_NONNULL = YES;
				CLANG_CXX_LANGUAGE_STANDARD = "gnu++0x";
				CLANG_CXX_LIBRARY = "libc++";
				CLANG_ENABLE_MODULES = YES;
				CLANG_ENABLE_OBJC_ARC = YES;
				CLANG_WARN_BOOL_CONVERSION = YES;
				CLANG_WARN_CONSTANT_CONVERSION = YES;
				CLANG_WARN_DIRECT_OBJC_ISA_USAGE = YES_ERROR;
				CLANG_WARN_DOCUMENTATION_COMMENTS = YES;
				CLANG_WARN_EMPTY_BODY = YES;
				CLANG_WARN_ENUM_CONVERSION = YES;
				CLANG_WARN_INFINITE_RECURSION = YES;
				CLANG_WARN_INT_CONVERSION = YES;
				CLANG_WARN_OBJC_ROOT_CLASS = YES_ERROR;
				CLANG_WARN_SUSPICIOUS_MOVE = YES;
				CLANG_WARN_UNREACHABLE_CODE = YES;
				CLANG_WARN__DUPLICATE_METHOD_MATCH = YES;
				"CODE_SIGN_IDENTITY[sdk=iphoneos*]" = "iPhone Developer";
				COPY_PHASE_STRIP = NO;
				DEBUG_INFORMATION_FORMAT = dwarf;
				ENABLE_STRICT_OBJC_MSGSEND = YES;
				ENABLE_TESTABILITY = YES;
				GCC_C_LANGUAGE_STANDARD = gnu99;
				GCC_DYNAMIC_NO_PIC = NO;
				GCC_NO_COMMON_BLOCKS = YES;
				GCC_OPTIMIZATION_LEVEL = 0;
				GCC_PREPROCESSOR_DEFINITIONS = (
					"DEBUG=1",
					"$(inherited)",
				);
				GCC_WARN_64_TO_32_BIT_CONVERSION = YES;
				GCC_WARN_ABOUT_RETURN_TYPE = YES_ERROR;
				GCC_WARN_UNDECLARED_SELECTOR = YES;
				GCC_WARN_UNINITIALIZED_AUTOS = YES_AGGRESSIVE;
				GCC_WARN_UNUSED_FUNCTION = YES;
				GCC_WARN_UNUSED_VARIABLE = YES;
				IPHONEOS_DEPLOYMENT_TARGET = 10.2;
				MTL_ENABLE_DEBUG_INFO = YES;
				ONLY_ACTIVE_ARCH = YES;
				SDKROOT = iphoneos;
				TARGETED_DEVICE_FAMILY = "1,2";
			};
			name = Debug;
		};
		9CAF52671E67B080003B08B5 /* Release */ = {
			isa = XCBuildConfiguration;
			buildSettings = {
				ALWAYS_SEARCH_USER_PATHS = NO;
				CLANG_ANALYZER_NONNULL = YES;
				CLANG_CXX_LANGUAGE_STANDARD = "gnu++0x";
				CLANG_CXX_LIBRARY = "libc++";
				CLANG_ENABLE_MODULES = YES;
				CLANG_ENABLE_OBJC_ARC = YES;
				CLANG_WARN_BOOL_CONVERSION = YES;
				CLANG_WARN_CONSTANT_CONVERSION = YES;
				CLANG_WARN_DIRECT_OBJC_ISA_USAGE = YES_ERROR;
				CLANG_WARN_DOCUMENTATION_COMMENTS = YES;
				CLANG_WARN_EMPTY_BODY = YES;
				CLANG_WARN_ENUM_CONVERSION = YES;
				CLANG_WARN_INFINITE_RECURSION = YES;
				CLANG_WARN_INT_CONVERSION = YES;
				CLANG_WARN_OBJC_ROOT_CLASS = YES_ERROR;
				CLANG_WARN_SUSPICIOUS_MOVE = YES;
				CLANG_WARN_UNREACHABLE_CODE = YES;
				CLANG_WARN__DUPLICATE_METHOD_MATCH = YES;
				"CODE_SIGN_IDENTITY[sdk=iphoneos*]" = "iPhone Developer";
				COPY_PHASE_STRIP = NO;
				DEBUG_INFORMATION_FORMAT = "dwarf-with-dsym";
				ENABLE_NS_ASSERTIONS = NO;
				ENABLE_STRICT_OBJC_MSGSEND = YES;
				GCC_C_LANGUAGE_STANDARD = gnu99;
				GCC_NO_COMMON_BLOCKS = YES;
				GCC_WARN_64_TO_32_BIT_CONVERSION = YES;
				GCC_WARN_ABOUT_RETURN_TYPE = YES_ERROR;
				GCC_WARN_UNDECLARED_SELECTOR = YES;
				GCC_WARN_UNINITIALIZED_AUTOS = YES_AGGRESSIVE;
				GCC_WARN_UNUSED_FUNCTION = YES;
				GCC_WARN_UNUSED_VARIABLE = YES;
				IPHONEOS_DEPLOYMENT_TARGET = 10.2;
				MTL_ENABLE_DEBUG_INFO = NO;
				SDKROOT = iphoneos;
				TARGETED_DEVICE_FAMILY = "1,2";
				VALIDATE_PRODUCT = YES;
			};
			name = Release;
		};
		9CAF52691E67B080003B08B5 /* Debug */ = {
			isa = XCBuildConfiguration;
			baseConfigurationReference = C91731B81F9AB278674761F1 /* Pods-NextApp.debug.xcconfig */;
			buildSettings = {
				ASSETCATALOG_COMPILER_APPICON_NAME = AppIcon;
				INFOPLIST_FILE = NextApp/Info.plist;
				IPHONEOS_DEPLOYMENT_TARGET = 8.0;
				LD_RUNPATH_SEARCH_PATHS = "$(inherited) @executable_path/Frameworks";
				PRODUCT_BUNDLE_IDENTIFIER = com.nextapp.app.NextApp;
				PRODUCT_NAME = "$(TARGET_NAME)";
			};
			name = Debug;
		};
		9CAF526A1E67B080003B08B5 /* Release */ = {
			isa = XCBuildConfiguration;
			baseConfigurationReference = D3FD48FEF41D2455592EA7B5 /* Pods-NextApp.release.xcconfig */;
			buildSettings = {
				ASSETCATALOG_COMPILER_APPICON_NAME = AppIcon;
				INFOPLIST_FILE = NextApp/Info.plist;
				IPHONEOS_DEPLOYMENT_TARGET = 8.0;
				LD_RUNPATH_SEARCH_PATHS = "$(inherited) @executable_path/Frameworks";
				PRODUCT_BUNDLE_IDENTIFIER = com.nextapp.app.NextApp;
				PRODUCT_NAME = "$(TARGET_NAME)";
			};
			name = Release;
		};
		9CAF526C1E67B080003B08B5 /* Debug */ = {
			isa = XCBuildConfiguration;
			buildSettings = {
				BUNDLE_LOADER = "$(TEST_HOST)";
				INFOPLIST_FILE = NextAppTests/Info.plist;
				LD_RUNPATH_SEARCH_PATHS = "$(inherited) @executable_path/Frameworks @loader_path/Frameworks";
				PRODUCT_BUNDLE_IDENTIFIER = com.nextapp.app.NextAppTests;
				PRODUCT_NAME = "$(TARGET_NAME)";
				TEST_HOST = "$(BUILT_PRODUCTS_DIR)/NextApp.app/NextApp";
			};
			name = Debug;
		};
		9CAF526D1E67B080003B08B5 /* Release */ = {
			isa = XCBuildConfiguration;
			buildSettings = {
				BUNDLE_LOADER = "$(TEST_HOST)";
				INFOPLIST_FILE = NextAppTests/Info.plist;
				LD_RUNPATH_SEARCH_PATHS = "$(inherited) @executable_path/Frameworks @loader_path/Frameworks";
				PRODUCT_BUNDLE_IDENTIFIER = com.nextapp.app.NextAppTests;
				PRODUCT_NAME = "$(TARGET_NAME)";
				TEST_HOST = "$(BUILT_PRODUCTS_DIR)/NextApp.app/NextApp";
			};
			name = Release;
		};
/* End XCBuildConfiguration section */

/* Begin XCConfigurationList section */
		9CAF523E1E67B080003B08B5 /* Build configuration list for PBXProject "NextApp" */ = {
			isa = XCConfigurationList;
			buildConfigurations = (
				9CAF52661E67B080003B08B5 /* Debug */,
				9CAF52671E67B080003B08B5 /* Release */,
			);
			defaultConfigurationIsVisible = 0;
			defaultConfigurationName = Release;
		};
		9CAF52681E67B080003B08B5 /* Build configuration list for PBXNativeTarget "NextApp" */ = {
			isa = XCConfigurationList;
			buildConfigurations = (
				9CAF52691E67B080003B08B5 /* Debug */,
				9CAF526A1E67B080003B08B5 /* Release */,
			);
			defaultConfigurationIsVisible = 0;
			defaultConfigurationName = Release;
		};
		9CAF526B1E67B080003B08B5 /* Build configuration list for PBXNativeTarget "NextAppTests" */ = {
			isa = XCConfigurationList;
			buildConfigurations = (
				9CAF526C1E67B080003B08B5 /* Debug */,
				9CAF526D1E67B080003B08B5 /* Release */,
			);
			defaultConfigurationIsVisible = 0;
			defaultConfigurationName = Release;
		};
/* End XCConfigurationList section */
	};
	rootObject = 9CAF523B1E67B080003B08B5 /* Project object */;
}
